
Microsoft Visual Studio Solution File, Format Version 12.00
# Visual Studio Version 17
VisualStudioVersion = 17.7.34202.233
MinimumVisualStudioVersion = 10.0.40219.1
Project("{8BC9CEB8-8B4A-11D0-8D11-00A0C91BC942}") = "OS06_02", "OS06_02\OS06_02.vcxproj", "{E0BAF78F-506C-4CA3-BA94-46515D82A04C}"
EndProject
Project("{8BC9CEB8-8B4A-11D0-8D11-00A0C91BC942}") = "OS06_01", "OS06_01\OS06_01.vcxproj", "{A7304E3E-8B23-4C00-9CAD-E74A16BB87E1}"
EndProject
Project("{8BC9CEB8-8B4A-11D0-8D11-00A0C91BC942}") = "OS06_03", "OS06_03\OS06_03.vcxproj", "{1842434C-864B-43B7-82FF-BE5B039FEE0E}"
EndProject
Project("{8BC9CEB8-8B4A-11D0-8D11-00A0C91BC942}") = "OS06_03A", "OS06_03A\OS06_03A.vcxproj", "{1BE34B23-0EFC-4B6A-B518-86E24134B0DF}"
EndProject
Project("{8BC9CEB8-8B4A-11D0-8D11-00A0C91BC942}") = "OS06_03B", "OS06_03B\OS06_03B.vcxproj", "{00BC488A-0BA5-4561-B13A-B50477F7E9BD}"
EndProject
Project("{8BC9CEB8-8B4A-11D0-8D11-00A0C91BC942}") = "OS06_04", "OS06_04\OS06_04.vcxproj", "{1690A454-E331-46B5-9ABD-ADC3CCD86DBF}"
EndProject
Project("{8BC9CEB8-8B4A-11D0-8D11-00A0C91BC942}") = "OS06_04A", "OS06_04A\OS06_04A.vcxproj", "{C7C9E1D8-21B6-459C-8B39-4AEE8182C0C5}"
EndProject
Project("{8BC9CEB8-8B4A-11D0-8D11-00A0C91BC942}") = "OS06_04B", "OS06_04B\OS06_04B.vcxproj", "{E85E7EAD-78A2-46E9-81A4-4C4FE8775018}"
EndProject
Project("{8BC9CEB8-8B4A-11D0-8D11-00A0C91BC942}") = "OS06_05", "OS06_05\OS06_05.vcxproj", "{D76065D1-E7ED-4E40-A9E7-89A04652E56B}"
EndProject
Project("{8BC9CEB8-8B4A-11D0-8D11-00A0C91BC942}") = "OS06_05A", "OS06_05A\OS06_05A.vcxproj", "{12F39D97-9413-4976-8344-7F7F97F693CF}"
EndProject
Project("{8BC9CEB8-8B4A-11D0-8D11-00A0C91BC942}") = "OS06_05B", "OS06_05B\OS06_05B.vcxproj", "{ACB0E576-8E34-435F-AACF-34239DA2CF21}"
EndProject
Global
	GlobalSection(SolutionConfigurationPlatforms) = preSolution
		Debug|x64 = Debug|x64
		Debug|x86 = Debug|x86
		Release|x64 = Release|x64
		Release|x86 = Release|x86
	EndGlobalSection
	GlobalSection(ProjectConfigurationPlatforms) = postSolution
		{E0BAF78F-506C-4CA3-BA94-46515D82A04C}.Debug|x64.ActiveCfg = Debug|x64
		{E0BAF78F-506C-4CA3-BA94-46515D82A04C}.Debug|x64.Build.0 = Debug|x64
		{E0BAF78F-506C-4CA3-BA94-46515D82A04C}.Debug|x86.ActiveCfg = Debug|Win32
		{E0BAF78F-506C-4CA3-BA94-46515D82A04C}.Debug|x86.Build.0 = Debug|Win32
		{E0BAF78F-506C-4CA3-BA94-46515D82A04C}.Release|x64.ActiveCfg = Release|x64
		{E0BAF78F-506C-4CA3-BA94-46515D82A04C}.Release|x64.Build.0 = Release|x64
		{E0BAF78F-506C-4CA3-BA94-46515D82A04C}.Release|x86.ActiveCfg = Release|Win32
		{E0BAF78F-506C-4CA3-BA94-46515D82A04C}.Release|x86.Build.0 = Release|Win32
		{A7304E3E-8B23-4C00-9CAD-E74A16BB87E1}.Debug|x64.ActiveCfg = Debug|Win32
		{A7304E3E-8B23-4C00-9CAD-E74A16BB87E1}.Debug|x64.Build.0 = Debug|Win32
		{A7304E3E-8B23-4C00-9CAD-E74A16BB87E1}.Debug|x86.ActiveCfg = Debug|Win32
		{A7304E3E-8B23-4C00-9CAD-E74A16BB87E1}.Debug|x86.Build.0 = Debug|Win32
		{A7304E3E-8B23-4C00-9CAD-E74A16BB87E1}.Release|x64.ActiveCfg = Release|x64
		{A7304E3E-8B23-4C00-9CAD-E74A16BB87E1}.Release|x64.Build.0 = Release|x64
		{A7304E3E-8B23-4C00-9CAD-E74A16BB87E1}.Release|x86.ActiveCfg = Release|Win32
		{A7304E3E-8B23-4C00-9CAD-E74A16BB87E1}.Release|x86.Build.0 = Release|Win32
		{1842434C-864B-43B7-82FF-BE5B039FEE0E}.Debug|x64.ActiveCfg = Debug|x64
		{1842434C-864B-43B7-82FF-BE5B039FEE0E}.Debug|x64.Build.0 = Debug|x64
		{1842434C-864B-43B7-82FF-BE5B039FEE0E}.Debug|x86.ActiveCfg = Debug|Win32
		{1842434C-864B-43B7-82FF-BE5B039FEE0E}.Debug|x86.Build.0 = Debug|Win32
		{1842434C-864B-43B7-82FF-BE5B039FEE0E}.Release|x64.ActiveCfg = Release|x64
		{1842434C-864B-43B7-82FF-BE5B039FEE0E}.Release|x64.Build.0 = Release|x64
		{1842434C-864B-43B7-82FF-BE5B039FEE0E}.Release|x86.ActiveCfg = Release|Win32
		{1842434C-864B-43B7-82FF-BE5B039FEE0E}.Release|x86.Build.0 = Release|Win32
		{1BE34B23-0EFC-4B6A-B518-86E24134B0DF}.Debug|x64.ActiveCfg = Debug|x64
		{1BE34B23-0EFC-4B6A-B518-86E24134B0DF}.Debug|x64.Build.0 = Debug|x64
		{1BE34B23-0EFC-4B6A-B518-86E24134B0DF}.Debug|x86.ActiveCfg = Debug|Win32
		{1BE34B23-0EFC-4B6A-B518-86E24134B0DF}.Debug|x86.Build.0 = Debug|Win32
		{1BE34B23-0EFC-4B6A-B518-86E24134B0DF}.Release|x64.ActiveCfg = Release|x64
		{1BE34B23-0EFC-4B6A-B518-86E24134B0DF}.Release|x64.Build.0 = Release|x64
		{1BE34B23-0EFC-4B6A-B518-86E24134B0DF}.Release|x86.ActiveCfg = Release|Win32
		{1BE34B23-0EFC-4B6A-B518-86E24134B0DF}.Release|x86.Build.0 = Release|Win32
		{00BC488A-0BA5-4561-B13A-B50477F7E9BD}.Debug|x64.ActiveCfg = Debug|x64
		{00BC488A-0BA5-4561-B13A-B50477F7E9BD}.Debug|x64.Build.0 = Debug|x64
		{00BC488A-0BA5-4561-B13A-B50477F7E9BD}.Debug|x86.ActiveCfg = Debug|Win32
		{00BC488A-0BA5-4561-B13A-B50477F7E9BD}.Debug|x86.Build.0 = Debug|Win32
		{00BC488A-0BA5-4561-B13A-B50477F7E9BD}.Release|x64.ActiveCfg = Release|x64
		{00BC488A-0BA5-4561-B13A-B50477F7E9BD}.Release|x64.Build.0 = Release|x64
		{00BC488A-0BA5-4561-B13A-B50477F7E9BD}.Release|x86.ActiveCfg = Release|Win32
		{00BC488A-0BA5-4561-B13A-B50477F7E9BD}.Release|x86.Build.0 = Release|Win32
		{1690A454-E331-46B5-9ABD-ADC3CCD86DBF}.Debug|x64.ActiveCfg = Debug|x64
		{1690A454-E331-46B5-9ABD-ADC3CCD86DBF}.Debug|x64.Build.0 = Debug|x64
		{1690A454-E331-46B5-9ABD-ADC3CCD86DBF}.Debug|x86.ActiveCfg = Debug|Win32
		{1690A454-E331-46B5-9ABD-ADC3CCD86DBF}.Debug|x86.Build.0 = Debug|Win32
		{1690A454-E331-46B5-9ABD-ADC3CCD86DBF}.Release|x64.ActiveCfg = Release|x64
		{1690A454-E331-46B5-9ABD-ADC3CCD86DBF}.Release|x64.Build.0 = Release|x64
		{1690A454-E331-46B5-9ABD-ADC3CCD86DBF}.Release|x86.ActiveCfg = Release|Win32
		{1690A454-E331-46B5-9ABD-ADC3CCD86DBF}.Release|x86.Build.0 = Release|Win32
		{C7C9E1D8-21B6-459C-8B39-4AEE8182C0C5}.Debug|x64.ActiveCfg = Debug|x64
		{C7C9E1D8-21B6-459C-8B39-4AEE8182C0C5}.Debug|x64.Build.0 = Debug|x64
		{C7C9E1D8-21B6-459C-8B39-4AEE8182C0C5}.Debug|x86.ActiveCfg = Debug|Win32
		{C7C9E1D8-21B6-459C-8B39-4AEE8182C0C5}.Debug|x86.Build.0 = Debug|Win32
		{C7C9E1D8-21B6-459C-8B39-4AEE8182C0C5}.Release|x64.ActiveCfg = Release|x64
		{C7C9E1D8-21B6-459C-8B39-4AEE8182C0C5}.Release|x64.Build.0 = Release|x64
		{C7C9E1D8-21B6-459C-8B39-4AEE8182C0C5}.Release|x86.ActiveCfg = Release|Win32
		{C7C9E1D8-21B6-459C-8B39-4AEE8182C0C5}.Release|x86.Build.0 = Release|Win32
		{E85E7EAD-78A2-46E9-81A4-4C4FE8775018}.Debug|x64.ActiveCfg = Debug|x64
		{E85E7EAD-78A2-46E9-81A4-4C4FE8775018}.Debug|x64.Build.0 = Debug|x64
		{E85E7EAD-78A2-46E9-81A4-4C4FE8775018}.Debug|x86.ActiveCfg = Debug|Win32
		{E85E7EAD-78A2-46E9-81A4-4C4FE8775018}.Debug|x86.Build.0 = Debug|Win32
		{E85E7EAD-78A2-46E9-81A4-4C4FE8775018}.Release|x64.ActiveCfg = Release|x64
		{E85E7EAD-78A2-46E9-81A4-4C4FE8775018}.Release|x64.Build.0 = Release|x64
		{E85E7EAD-78A2-46E9-81A4-4C4FE8775018}.Release|x86.ActiveCfg = Release|Win32
		{E85E7EAD-78A2-46E9-81A4-4C4FE8775018}.Release|x86.Build.0 = Release|Win32
		{D76065D1-E7ED-4E40-A9E7-89A04652E56B}.Debug|x64.ActiveCfg = Debug|x64
		{D76065D1-E7ED-4E40-A9E7-89A04652E56B}.Debug|x64.Build.0 = Debug|x64
		{D76065D1-E7ED-4E40-A9E7-89A04652E56B}.Debug|x86.ActiveCfg = Debug|Win32
		{D76065D1-E7ED-4E40-A9E7-89A04652E56B}.Debug|x86.Build.0 = Debug|Win32
		{D76065D1-E7ED-4E40-A9E7-89A04652E56B}.Release|x64.ActiveCfg = Release|x64
		{D76065D1-E7ED-4E40-A9E7-89A04652E56B}.Release|x64.Build.0 = Release|x64
		{D76065D1-E7ED-4E40-A9E7-89A04652E56B}.Release|x86.ActiveCfg = Release|Win32
		{D76065D1-E7ED-4E40-A9E7-89A04652E56B}.Release|x86.Build.0 = Release|Win32
		{12F39D97-9413-4976-8344-7F7F97F693CF}.Debug|x64.ActiveCfg = Debug|x64
		{12F39D97-9413-4976-8344-7F7F97F693CF}.Debug|x64.Build.0 = Debug|x64
		{12F39D97-9413-4976-8344-7F7F97F693CF}.Debug|x86.ActiveCfg = Debug|Win32
		{12F39D97-9413-4976-8344-7F7F97F693CF}.Debug|x86.Build.0 = Debug|Win32
		{12F39D97-9413-4976-8344-7F7F97F693CF}.Release|x64.ActiveCfg = Release|x64
		{12F39D97-9413-4976-8344-7F7F97F693CF}.Release|x64.Build.0 = Release|x64
		{12F39D97-9413-4976-8344-7F7F97F693CF}.Release|x86.ActiveCfg = Release|Win32
		{12F39D97-9413-4976-8344-7F7F97F693CF}.Release|x86.Build.0 = Release|Win32
		{ACB0E576-8E34-435F-AACF-34239DA2CF21}.Debug|x64.ActiveCfg = Debug|x64
		{ACB0E576-8E34-435F-AACF-34239DA2CF21}.Debug|x64.Build.0 = Debug|x64
		{ACB0E576-8E34-435F-AACF-34239DA2CF21}.Debug|x86.ActiveCfg = Debug|Win32
		{ACB0E576-8E34-435F-AACF-34239DA2CF21}.Debug|x86.Build.0 = Debug|Win32
		{ACB0E576-8E34-435F-AACF-34239DA2CF21}.Release|x64.ActiveCfg = Release|x64
		{ACB0E576-8E34-435F-AACF-34239DA2CF21}.Release|x64.Build.0 = Release|x64
		{ACB0E576-8E34-435F-AACF-34239DA2CF21}.Release|x86.ActiveCfg = Release|Win32
		{ACB0E576-8E34-435F-AACF-34239DA2CF21}.Release|x86.Build.0 = Release|Win32
	EndGlobalSection
	GlobalSection(SolutionProperties) = preSolution
		HideSolutionNode = FALSE
	EndGlobalSection
	GlobalSection(ExtensibilityGlobals) = postSolution
		SolutionGuid = {C292429C-8A08-4EDF-AB4E-6C17068D6DC7}
	EndGlobalSection
EndGlobal
