
Microsoft Visual Studio Solution File, Format Version 12.00
# Visual Studio Version 17
VisualStudioVersion = 17.7.34024.191
MinimumVisualStudioVersion = 10.0.40219.1
Project("{8BC9CEB8-8B4A-11D0-8D11-00A0C91BC942}") = "OS05_01", "OS05\OS05.vcxproj", "{17950571-349F-4D0B-864F-BB1EE66BA48C}"
EndProject
Project("{8BC9CEB8-8B4A-11D0-8D11-00A0C91BC942}") = "OS05_02x", "OS05_02x\OS05_02x.vcxproj", "{55AD89B5-08EA-446E-B79F-2438D7E033E8}"
EndProject
Project("{8BC9CEB8-8B4A-11D0-8D11-00A0C91BC942}") = "OS05_02", "OS05_02\OS05_02.vcxproj", "{A2DE479A-7894-4049-A5A8-FA20EEE3E796}"
EndProject
Project("{8BC9CEB8-8B4A-11D0-8D11-00A0C91BC942}") = "OS05_03", "OS05_03\OS05_03.vcxproj", "{B11A7B09-0C64-4719-8F51-B071F562D18D}"
EndProject
Global
	GlobalSection(SolutionConfigurationPlatforms) = preSolution
		Debug|x64 = Debug|x64
		Debug|x86 = Debug|x86
		Release|x64 = Release|x64
		Release|x86 = Release|x86
	EndGlobalSection
	GlobalSection(ProjectConfigurationPlatforms) = postSolution
		{17950571-349F-4D0B-864F-BB1EE66BA48C}.Debug|x64.ActiveCfg = Debug|x64
		{17950571-349F-4D0B-864F-BB1EE66BA48C}.Debug|x64.Build.0 = Debug|x64
		{17950571-349F-4D0B-864F-BB1EE66BA48C}.Debug|x86.ActiveCfg = Debug|Win32
		{17950571-349F-4D0B-864F-BB1EE66BA48C}.Debug|x86.Build.0 = Debug|Win32
		{17950571-349F-4D0B-864F-BB1EE66BA48C}.Release|x64.ActiveCfg = Release|x64
		{17950571-349F-4D0B-864F-BB1EE66BA48C}.Release|x64.Build.0 = Release|x64
		{17950571-349F-4D0B-864F-BB1EE66BA48C}.Release|x86.ActiveCfg = Release|Win32
		{17950571-349F-4D0B-864F-BB1EE66BA48C}.Release|x86.Build.0 = Release|Win32
		{55AD89B5-08EA-446E-B79F-2438D7E033E8}.Debug|x64.ActiveCfg = Debug|x64
		{55AD89B5-08EA-446E-B79F-2438D7E033E8}.Debug|x64.Build.0 = Debug|x64
		{55AD89B5-08EA-446E-B79F-2438D7E033E8}.Debug|x86.ActiveCfg = Debug|Win32
		{55AD89B5-08EA-446E-B79F-2438D7E033E8}.Debug|x86.Build.0 = Debug|Win32
		{55AD89B5-08EA-446E-B79F-2438D7E033E8}.Release|x64.ActiveCfg = Release|x64
		{55AD89B5-08EA-446E-B79F-2438D7E033E8}.Release|x64.Build.0 = Release|x64
		{55AD89B5-08EA-446E-B79F-2438D7E033E8}.Release|x86.ActiveCfg = Release|Win32
		{55AD89B5-08EA-446E-B79F-2438D7E033E8}.Release|x86.Build.0 = Release|Win32
		{A2DE479A-7894-4049-A5A8-FA20EEE3E796}.Debug|x64.ActiveCfg = Debug|x64
		{A2DE479A-7894-4049-A5A8-FA20EEE3E796}.Debug|x64.Build.0 = Debug|x64
		{A2DE479A-7894-4049-A5A8-FA20EEE3E796}.Debug|x86.ActiveCfg = Debug|Win32
		{A2DE479A-7894-4049-A5A8-FA20EEE3E796}.Debug|x86.Build.0 = Debug|Win32
		{A2DE479A-7894-4049-A5A8-FA20EEE3E796}.Release|x64.ActiveCfg = Release|x64
		{A2DE479A-7894-4049-A5A8-FA20EEE3E796}.Release|x64.Build.0 = Release|x64
		{A2DE479A-7894-4049-A5A8-FA20EEE3E796}.Release|x86.ActiveCfg = Release|Win32
		{A2DE479A-7894-4049-A5A8-FA20EEE3E796}.Release|x86.Build.0 = Release|Win32
		{B11A7B09-0C64-4719-8F51-B071F562D18D}.Debug|x64.ActiveCfg = Debug|x64
		{B11A7B09-0C64-4719-8F51-B071F562D18D}.Debug|x64.Build.0 = Debug|x64
		{B11A7B09-0C64-4719-8F51-B071F562D18D}.Debug|x86.ActiveCfg = Debug|Win32
		{B11A7B09-0C64-4719-8F51-B071F562D18D}.Debug|x86.Build.0 = Debug|Win32
		{B11A7B09-0C64-4719-8F51-B071F562D18D}.Release|x64.ActiveCfg = Release|x64
		{B11A7B09-0C64-4719-8F51-B071F562D18D}.Release|x64.Build.0 = Release|x64
		{B11A7B09-0C64-4719-8F51-B071F562D18D}.Release|x86.ActiveCfg = Release|Win32
		{B11A7B09-0C64-4719-8F51-B071F562D18D}.Release|x86.Build.0 = Release|Win32
	EndGlobalSection
	GlobalSection(SolutionProperties) = preSolution
		HideSolutionNode = FALSE
	EndGlobalSection
	GlobalSection(ExtensibilityGlobals) = postSolution
		SolutionGuid = {60CEB79B-2572-452E-9134-829BDC93CEDC}
	EndGlobalSection
EndGlobal
